// !$*UTF8*$!
{
	archiveVersion = 1;
	classes = {
	};
	objectVersion = 56;
	objects = {

/* Begin PBXBuildFile section */
		7217FAAC2A4C1FAF00A9DA85 /* AppDelegate.swift in Sources */ = {isa = PBXBuildFile; fileRef = 7217FAAB2A4C1FAF00A9DA85 /* AppDelegate.swift */; };
		7217FAAE2A4C1FAF00A9DA85 /* SceneDelegate.swift in Sources */ = {isa = PBXBuildFile; fileRef = 7217FAAD2A4C1FAF00A9DA85 /* SceneDelegate.swift */; };
		7217FAB02A4C1FAF00A9DA85 /* ViewController.swift in Sources */ = {isa = PBXBuildFile; fileRef = 7217FAAF2A4C1FAF00A9DA85 /* ViewController.swift */; };
		7217FAB32A4C1FAF00A9DA85 /* Main.storyboard in Resources */ = {isa = PBXBuildFile; fileRef = 7217FAB12A4C1FAF00A9DA85 /* Main.storyboard */; };
		7217FAB62A4C1FAF00A9DA85 /* IosFinalProject.xcdatamodeld in Sources */ = {isa = PBXBuildFile; fileRef = 7217FAB42A4C1FAF00A9DA85 /* IosFinalProject.xcdatamodeld */; };
		7217FAB82A4C1FB100A9DA85 /* Assets.xcassets in Resources */ = {isa = PBXBuildFile; fileRef = 7217FAB72A4C1FB100A9DA85 /* Assets.xcassets */; };
		7217FABB2A4C1FB100A9DA85 /* LaunchScreen.storyboard in Resources */ = {isa = PBXBuildFile; fileRef = 7217FAB92A4C1FB100A9DA85 /* LaunchScreen.storyboard */; };
		7217FAC62A4C360900A9DA85 /* APIManeger.swift in Sources */ = {isa = PBXBuildFile; fileRef = 7217FAC52A4C360900A9DA85 /* APIManeger.swift */; };
		7217FACA2A4C64F500A9DA85 /* ImageTableViewCell.swift in Sources */ = {isa = PBXBuildFile; fileRef = 7217FAC92A4C64F500A9DA85 /* ImageTableViewCell.swift */; };
		7217FACC2A4C650800A9DA85 /* ThirdTableViewCell.swift in Sources */ = {isa = PBXBuildFile; fileRef = 7217FACB2A4C650800A9DA85 /* ThirdTableViewCell.swift */; };
		7217FACE2A4C652000A9DA85 /* SecondTableViewCell.swift in Sources */ = {isa = PBXBuildFile; fileRef = 7217FACD2A4C652000A9DA85 /* SecondTableViewCell.swift */; };
		7217FAEE2A4DC2F200A9DA85 /* CurrenciesModel.swift in Sources */ = {isa = PBXBuildFile; fileRef = 7217FAED2A4DC2F200A9DA85 /* CurrenciesModel.swift */; };
		7217FAF62A4DC55A00A9DA85 /* ProductStatsModel.swift in Sources */ = {isa = PBXBuildFile; fileRef = 7217FAF12A4DC55A00A9DA85 /* ProductStatsModel.swift */; };
		7217FAF72A4DC55A00A9DA85 /* ProductsModel.swift in Sources */ = {isa = PBXBuildFile; fileRef = 7217FAF22A4DC55A00A9DA85 /* ProductsModel.swift */; };
		7217FAF82A4DC55A00A9DA85 /* AccountModel.swift in Sources */ = {isa = PBXBuildFile; fileRef = 7217FAF32A4DC55A00A9DA85 /* AccountModel.swift */; };
		7217FAF92A4DC55A00A9DA85 /* ProfileModel.swift in Sources */ = {isa = PBXBuildFile; fileRef = 7217FAF42A4DC55A00A9DA85 /* ProfileModel.swift */; };
		7217FAFA2A4DC55A00A9DA85 /* ProductCandles.swift in Sources */ = {isa = PBXBuildFile; fileRef = 7217FAF52A4DC55A00A9DA85 /* ProductCandles.swift */; };
		7217FB002A4E9E5000A9DA85 /* ProductDetailViewController.swift in Sources */ = {isa = PBXBuildFile; fileRef = 7217FAFF2A4E9E5000A9DA85 /* ProductDetailViewController.swift */; };
		7217FB032A4EAAA500A9DA85 /* PriceTableViewCell.swift in Sources */ = {isa = PBXBuildFile; fileRef = 7217FB022A4EAAA500A9DA85 /* PriceTableViewCell.swift */; };
		7217FB052A4EAAC300A9DA85 /* ChartsTableViewCell.swift in Sources */ = {isa = PBXBuildFile; fileRef = 7217FB042A4EAAC300A9DA85 /* ChartsTableViewCell.swift */; };
		7217FB072A4EAAD800A9DA85 /* TradeTableViewCell.swift in Sources */ = {isa = PBXBuildFile; fileRef = 7217FB062A4EAAD800A9DA85 /* TradeTableViewCell.swift */; };
		7217FB092A4ED00900A9DA85 /* LabelAndButtonTableViewCell.swift in Sources */ = {isa = PBXBuildFile; fileRef = 7217FB082A4ED00900A9DA85 /* LabelAndButtonTableViewCell.swift */; };
		7217FB0C2A4EF91600A9DA85 /* Color.swift in Sources */ = {isa = PBXBuildFile; fileRef = 7217FB0B2A4EF91600A9DA85 /* Color.swift */; };
		7217FB0E2A4F06AE00A9DA85 /* TradePageViewController.swift in Sources */ = {isa = PBXBuildFile; fileRef = 7217FB0D2A4F06AE00A9DA85 /* TradePageViewController.swift */; };
		7217FB122A50315700A9DA85 /* OrderModel.swift in Sources */ = {isa = PBXBuildFile; fileRef = 7217FB112A50315700A9DA85 /* OrderModel.swift */; };
		7217FB162A513C5900A9DA85 /* AboutCharts.swift in Sources */ = {isa = PBXBuildFile; fileRef = 7217FB152A513C5900A9DA85 /* AboutCharts.swift */; };
		7217FB182A51543300A9DA85 /* USDToTWD.swift in Sources */ = {isa = PBXBuildFile; fileRef = 7217FB172A51543300A9DA85 /* USDToTWD.swift */; };
		7217FB1A2A5193C300A9DA85 /* FucnAdd.swift in Sources */ = {isa = PBXBuildFile; fileRef = 7217FB192A5193C300A9DA85 /* FucnAdd.swift */; };
		72E921B02A52C7640049A08E /* WebsocketService.swift in Sources */ = {isa = PBXBuildFile; fileRef = 72E921AF2A52C7640049A08E /* WebsocketService.swift */; };
		72E921B22A52F4170049A08E /* CandlesModel.swift in Sources */ = {isa = PBXBuildFile; fileRef = 72E921B12A52F4170049A08E /* CandlesModel.swift */; };
		72E921B42A5429480049A08E /* AllDataAPI.swift in Sources */ = {isa = PBXBuildFile; fileRef = 72E921B32A5429480049A08E /* AllDataAPI.swift */; };
		D7520B3D87E8ACAEF09C1FDF /* Pods_IosFinalProject.framework in Frameworks */ = {isa = PBXBuildFile; fileRef = 458CB4B3930412546970998D /* Pods_IosFinalProject.framework */; };
/* End PBXBuildFile section */

/* Begin PBXFileReference section */
		458CB4B3930412546970998D /* Pods_IosFinalProject.framework */ = {isa = PBXFileReference; explicitFileType = wrapper.framework; includeInIndex = 0; path = Pods_IosFinalProject.framework; sourceTree = BUILT_PRODUCTS_DIR; };
		7217FAA82A4C1FAF00A9DA85 /* IosFinalProject.app */ = {isa = PBXFileReference; explicitFileType = wrapper.application; includeInIndex = 0; path = IosFinalProject.app; sourceTree = BUILT_PRODUCTS_DIR; };
		7217FAAB2A4C1FAF00A9DA85 /* AppDelegate.swift */ = {isa = PBXFileReference; lastKnownFileType = sourcecode.swift; path = AppDelegate.swift; sourceTree = "<group>"; };
		7217FAAD2A4C1FAF00A9DA85 /* SceneDelegate.swift */ = {isa = PBXFileReference; lastKnownFileType = sourcecode.swift; path = SceneDelegate.swift; sourceTree = "<group>"; };
		7217FAAF2A4C1FAF00A9DA85 /* ViewController.swift */ = {isa = PBXFileReference; lastKnownFileType = sourcecode.swift; path = ViewController.swift; sourceTree = "<group>"; };
		7217FAB22A4C1FAF00A9DA85 /* Base */ = {isa = PBXFileReference; lastKnownFileType = file.storyboard; name = Base; path = Base.lproj/Main.storyboard; sourceTree = "<group>"; };
		7217FAB52A4C1FAF00A9DA85 /* IosFinalProject.xcdatamodel */ = {isa = PBXFileReference; lastKnownFileType = wrapper.xcdatamodel; path = IosFinalProject.xcdatamodel; sourceTree = "<group>"; };
		7217FAB72A4C1FB100A9DA85 /* Assets.xcassets */ = {isa = PBXFileReference; lastKnownFileType = folder.assetcatalog; path = Assets.xcassets; sourceTree = "<group>"; };
		7217FABA2A4C1FB100A9DA85 /* Base */ = {isa = PBXFileReference; lastKnownFileType = file.storyboard; name = Base; path = Base.lproj/LaunchScreen.storyboard; sourceTree = "<group>"; };
		7217FABC2A4C1FB100A9DA85 /* Info.plist */ = {isa = PBXFileReference; lastKnownFileType = text.plist.xml; path = Info.plist; sourceTree = "<group>"; };
		7217FAC52A4C360900A9DA85 /* APIManeger.swift */ = {isa = PBXFileReference; lastKnownFileType = sourcecode.swift; path = APIManeger.swift; sourceTree = "<group>"; };
		7217FAC92A4C64F500A9DA85 /* ImageTableViewCell.swift */ = {isa = PBXFileReference; lastKnownFileType = sourcecode.swift; path = ImageTableViewCell.swift; sourceTree = "<group>"; };
		7217FACB2A4C650800A9DA85 /* ThirdTableViewCell.swift */ = {isa = PBXFileReference; lastKnownFileType = sourcecode.swift; path = ThirdTableViewCell.swift; sourceTree = "<group>"; };
		7217FACD2A4C652000A9DA85 /* SecondTableViewCell.swift */ = {isa = PBXFileReference; lastKnownFileType = sourcecode.swift; path = SecondTableViewCell.swift; sourceTree = "<group>"; };
		7217FAED2A4DC2F200A9DA85 /* CurrenciesModel.swift */ = {isa = PBXFileReference; fileEncoding = 4; lastKnownFileType = sourcecode.swift; path = CurrenciesModel.swift; sourceTree = "<group>"; };
		7217FAF12A4DC55A00A9DA85 /* ProductStatsModel.swift */ = {isa = PBXFileReference; fileEncoding = 4; lastKnownFileType = sourcecode.swift; path = ProductStatsModel.swift; sourceTree = "<group>"; };
		7217FAF22A4DC55A00A9DA85 /* ProductsModel.swift */ = {isa = PBXFileReference; fileEncoding = 4; lastKnownFileType = sourcecode.swift; path = ProductsModel.swift; sourceTree = "<group>"; };
		7217FAF32A4DC55A00A9DA85 /* AccountModel.swift */ = {isa = PBXFileReference; fileEncoding = 4; lastKnownFileType = sourcecode.swift; path = AccountModel.swift; sourceTree = "<group>"; };
		7217FAF42A4DC55A00A9DA85 /* ProfileModel.swift */ = {isa = PBXFileReference; fileEncoding = 4; lastKnownFileType = sourcecode.swift; path = ProfileModel.swift; sourceTree = "<group>"; };
		7217FAF52A4DC55A00A9DA85 /* ProductCandles.swift */ = {isa = PBXFileReference; fileEncoding = 4; lastKnownFileType = sourcecode.swift; path = ProductCandles.swift; sourceTree = "<group>"; };
		7217FAFF2A4E9E5000A9DA85 /* ProductDetailViewController.swift */ = {isa = PBXFileReference; lastKnownFileType = sourcecode.swift; path = ProductDetailViewController.swift; sourceTree = "<group>"; };
		7217FB022A4EAAA500A9DA85 /* PriceTableViewCell.swift */ = {isa = PBXFileReference; lastKnownFileType = sourcecode.swift; path = PriceTableViewCell.swift; sourceTree = "<group>"; };
		7217FB042A4EAAC300A9DA85 /* ChartsTableViewCell.swift */ = {isa = PBXFileReference; lastKnownFileType = sourcecode.swift; path = ChartsTableViewCell.swift; sourceTree = "<group>"; };
		7217FB062A4EAAD800A9DA85 /* TradeTableViewCell.swift */ = {isa = PBXFileReference; lastKnownFileType = sourcecode.swift; path = TradeTableViewCell.swift; sourceTree = "<group>"; };
		7217FB082A4ED00900A9DA85 /* LabelAndButtonTableViewCell.swift */ = {isa = PBXFileReference; lastKnownFileType = sourcecode.swift; path = LabelAndButtonTableViewCell.swift; sourceTree = "<group>"; };
		7217FB0B2A4EF91600A9DA85 /* Color.swift */ = {isa = PBXFileReference; lastKnownFileType = sourcecode.swift; path = Color.swift; sourceTree = "<group>"; };
		7217FB0D2A4F06AE00A9DA85 /* TradePageViewController.swift */ = {isa = PBXFileReference; lastKnownFileType = sourcecode.swift; path = TradePageViewController.swift; sourceTree = "<group>"; };
		7217FB112A50315700A9DA85 /* OrderModel.swift */ = {isa = PBXFileReference; lastKnownFileType = sourcecode.swift; path = OrderModel.swift; sourceTree = "<group>"; };
		7217FB152A513C5900A9DA85 /* AboutCharts.swift */ = {isa = PBXFileReference; lastKnownFileType = sourcecode.swift; path = AboutCharts.swift; sourceTree = "<group>"; };
		7217FB172A51543300A9DA85 /* USDToTWD.swift */ = {isa = PBXFileReference; lastKnownFileType = sourcecode.swift; path = USDToTWD.swift; sourceTree = "<group>"; };
		7217FB192A5193C300A9DA85 /* FucnAdd.swift */ = {isa = PBXFileReference; lastKnownFileType = sourcecode.swift; path = FucnAdd.swift; sourceTree = "<group>"; };
		72E921AF2A52C7640049A08E /* WebsocketService.swift */ = {isa = PBXFileReference; fileEncoding = 4; lastKnownFileType = sourcecode.swift; path = WebsocketService.swift; sourceTree = "<group>"; };
		72E921B12A52F4170049A08E /* CandlesModel.swift */ = {isa = PBXFileReference; lastKnownFileType = sourcecode.swift; path = CandlesModel.swift; sourceTree = "<group>"; };
		72E921B32A5429480049A08E /* AllDataAPI.swift */ = {isa = PBXFileReference; lastKnownFileType = sourcecode.swift; path = AllDataAPI.swift; sourceTree = "<group>"; };
		C882CD4986214B00E46E86F2 /* Pods-IosFinalProject.debug.xcconfig */ = {isa = PBXFileReference; includeInIndex = 1; lastKnownFileType = text.xcconfig; name = "Pods-IosFinalProject.debug.xcconfig"; path = "Target Support Files/Pods-IosFinalProject/Pods-IosFinalProject.debug.xcconfig"; sourceTree = "<group>"; };
		D825DEFFA12F28383E30E5D9 /* Pods-IosFinalProject.release.xcconfig */ = {isa = PBXFileReference; includeInIndex = 1; lastKnownFileType = text.xcconfig; name = "Pods-IosFinalProject.release.xcconfig"; path = "Target Support Files/Pods-IosFinalProject/Pods-IosFinalProject.release.xcconfig"; sourceTree = "<group>"; };
/* End PBXFileReference section */

/* Begin PBXFrameworksBuildPhase section */
		7217FAA52A4C1FAF00A9DA85 /* Frameworks */ = {
			isa = PBXFrameworksBuildPhase;
			buildActionMask = 2147483647;
			files = (
				D7520B3D87E8ACAEF09C1FDF /* Pods_IosFinalProject.framework in Frameworks */,
			);
			runOnlyForDeploymentPostprocessing = 0;
		};
/* End PBXFrameworksBuildPhase section */

/* Begin PBXGroup section */
		194872481F88E6A6D30FC431 /* Pods */ = {
			isa = PBXGroup;
			children = (
				C882CD4986214B00E46E86F2 /* Pods-IosFinalProject.debug.xcconfig */,
				D825DEFFA12F28383E30E5D9 /* Pods-IosFinalProject.release.xcconfig */,
			);
			path = Pods;
			sourceTree = "<group>";
		};
		7217FA9F2A4C1FAF00A9DA85 = {
			isa = PBXGroup;
			children = (
				7217FAAA2A4C1FAF00A9DA85 /* IosFinalProject */,
				7217FAA92A4C1FAF00A9DA85 /* Products */,
				194872481F88E6A6D30FC431 /* Pods */,
				A1DFC913F4CED24E5CE83720 /* Frameworks */,
			);
			sourceTree = "<group>";
		};
		7217FAA92A4C1FAF00A9DA85 /* Products */ = {
			isa = PBXGroup;
			children = (
				7217FAA82A4C1FAF00A9DA85 /* IosFinalProject.app */,
			);
			name = Products;
			sourceTree = "<group>";
		};
		7217FAAA2A4C1FAF00A9DA85 /* IosFinalProject */ = {
			isa = PBXGroup;
			children = (
				7217FB0A2A4EF8F700A9DA85 /* extension */,
				7217FB012A4EAA5A00A9DA85 /* DetailPage */,
				7217FAFB2A4E72FE00A9DA85 /* FrontPage */,
				7217FAFC2A4E73AB00A9DA85 /* SecondPage  */,
				7217FAF02A4DC40300A9DA85 /* API */,
				7217FAAB2A4C1FAF00A9DA85 /* AppDelegate.swift */,
				7217FAAD2A4C1FAF00A9DA85 /* SceneDelegate.swift */,
				7217FAB12A4C1FAF00A9DA85 /* Main.storyboard */,
				7217FAB72A4C1FB100A9DA85 /* Assets.xcassets */,
				7217FAB92A4C1FB100A9DA85 /* LaunchScreen.storyboard */,
				7217FABC2A4C1FB100A9DA85 /* Info.plist */,
				7217FAB42A4C1FAF00A9DA85 /* IosFinalProject.xcdatamodeld */,
				7217FB0D2A4F06AE00A9DA85 /* TradePageViewController.swift */,
			);
			path = IosFinalProject;
			sourceTree = "<group>";
		};
		7217FAF02A4DC40300A9DA85 /* API */ = {
			isa = PBXGroup;
			children = (
				7217FAED2A4DC2F200A9DA85 /* CurrenciesModel.swift */,
				7217FAF32A4DC55A00A9DA85 /* AccountModel.swift */,
				7217FAF52A4DC55A00A9DA85 /* ProductCandles.swift */,
				7217FAF22A4DC55A00A9DA85 /* ProductsModel.swift */,
				7217FAF12A4DC55A00A9DA85 /* ProductStatsModel.swift */,
				7217FAF42A4DC55A00A9DA85 /* ProfileModel.swift */,
				7217FB112A50315700A9DA85 /* OrderModel.swift */,
				7217FAC52A4C360900A9DA85 /* APIManeger.swift */,
				7217FB172A51543300A9DA85 /* USDToTWD.swift */,
				72E921AF2A52C7640049A08E /* WebsocketService.swift */,
				72E921B12A52F4170049A08E /* CandlesModel.swift */,
				72E921B32A5429480049A08E /* AllDataAPI.swift */,
			);
			path = API;
			sourceTree = "<group>";
		};
		7217FAFB2A4E72FE00A9DA85 /* FrontPage */ = {
			isa = PBXGroup;
			children = (
				7217FAAF2A4C1FAF00A9DA85 /* ViewController.swift */,
				7217FAC92A4C64F500A9DA85 /* ImageTableViewCell.swift */,
				7217FACD2A4C652000A9DA85 /* SecondTableViewCell.swift */,
				7217FACB2A4C650800A9DA85 /* ThirdTableViewCell.swift */,
			);
			path = FrontPage;
			sourceTree = "<group>";
		};
		7217FAFC2A4E73AB00A9DA85 /* SecondPage  */ = {
			isa = PBXGroup;
			children = (
			);
			path = "SecondPage ";
			sourceTree = "<group>";
		};
		7217FB012A4EAA5A00A9DA85 /* DetailPage */ = {
			isa = PBXGroup;
			children = (
				7217FAFF2A4E9E5000A9DA85 /* ProductDetailViewController.swift */,
				7217FB022A4EAAA500A9DA85 /* PriceTableViewCell.swift */,
				7217FB042A4EAAC300A9DA85 /* ChartsTableViewCell.swift */,
				7217FB082A4ED00900A9DA85 /* LabelAndButtonTableViewCell.swift */,
				7217FB062A4EAAD800A9DA85 /* TradeTableViewCell.swift */,
			);
			path = DetailPage;
			sourceTree = "<group>";
		};
		7217FB0A2A4EF8F700A9DA85 /* extension */ = {
			isa = PBXGroup;
			children = (
				7217FB0B2A4EF91600A9DA85 /* Color.swift */,
				7217FB152A513C5900A9DA85 /* AboutCharts.swift */,
				7217FB192A5193C300A9DA85 /* FucnAdd.swift */,
			);
			path = extension;
			sourceTree = "<group>";
		};
		A1DFC913F4CED24E5CE83720 /* Frameworks */ = {
			isa = PBXGroup;
			children = (
				458CB4B3930412546970998D /* Pods_IosFinalProject.framework */,
			);
			name = Frameworks;
			sourceTree = "<group>";
		};
/* End PBXGroup section */

/* Begin PBXNativeTarget section */
		7217FAA72A4C1FAF00A9DA85 /* IosFinalProject */ = {
			isa = PBXNativeTarget;
			buildConfigurationList = 7217FABF2A4C1FB100A9DA85 /* Build configuration list for PBXNativeTarget "IosFinalProject" */;
			buildPhases = (
				A2CE4BCC616F754E810D927F /* [CP] Check Pods Manifest.lock */,
				7217FAA42A4C1FAF00A9DA85 /* Sources */,
				7217FAA52A4C1FAF00A9DA85 /* Frameworks */,
				7217FAA62A4C1FAF00A9DA85 /* Resources */,
				7217FAC42A4C31A700A9DA85 /* ShellScript */,
				BE70F5FE225E3AC31F1B1977 /* [CP] Embed Pods Frameworks */,
			);
			buildRules = (
			);
			dependencies = (
			);
			name = IosFinalProject;
			productName = IosFinalProject;
			productReference = 7217FAA82A4C1FAF00A9DA85 /* IosFinalProject.app */;
			productType = "com.apple.product-type.application";
		};
/* End PBXNativeTarget section */

/* Begin PBXProject section */
		7217FAA02A4C1FAF00A9DA85 /* Project object */ = {
			isa = PBXProject;
			attributes = {
				BuildIndependentTargetsInParallel = 1;
				LastSwiftUpdateCheck = 1430;
				LastUpgradeCheck = 1430;
				TargetAttributes = {
					7217FAA72A4C1FAF00A9DA85 = {
						CreatedOnToolsVersion = 14.3;
					};
				};
			};
			buildConfigurationList = 7217FAA32A4C1FAF00A9DA85 /* Build configuration list for PBXProject "IosFinalProject" */;
			compatibilityVersion = "Xcode 14.0";
			developmentRegion = en;
			hasScannedForEncodings = 0;
			knownRegions = (
				en,
				Base,
			);
			mainGroup = 7217FA9F2A4C1FAF00A9DA85;
			productRefGroup = 7217FAA92A4C1FAF00A9DA85 /* Products */;
			projectDirPath = "";
			projectRoot = "";
			targets = (
				7217FAA72A4C1FAF00A9DA85 /* IosFinalProject */,
			);
		};
/* End PBXProject section */

/* Begin PBXResourcesBuildPhase section */
		7217FAA62A4C1FAF00A9DA85 /* Resources */ = {
			isa = PBXResourcesBuildPhase;
			buildActionMask = 2147483647;
			files = (
				7217FABB2A4C1FB100A9DA85 /* LaunchScreen.storyboard in Resources */,
				7217FAB82A4C1FB100A9DA85 /* Assets.xcassets in Resources */,
				7217FAB32A4C1FAF00A9DA85 /* Main.storyboard in Resources */,
			);
			runOnlyForDeploymentPostprocessing = 0;
		};
/* End PBXResourcesBuildPhase section */

/* Begin PBXShellScriptBuildPhase section */
		7217FAC42A4C31A700A9DA85 /* ShellScript */ = {
			isa = PBXShellScriptBuildPhase;
			buildActionMask = 2147483647;
			files = (
			);
			inputFileListPaths = (
			);
			inputPaths = (
			);
			outputFileListPaths = (
			);
			outputPaths = (
			);
			runOnlyForDeploymentPostprocessing = 0;
			shellPath = /bin/sh;
			shellScript = "# Type a script or drag a script file from your workspace to insert its path.\n\"${PODS_ROOT}/SwiftLint/swiftlint\"\n";
		};
		A2CE4BCC616F754E810D927F /* [CP] Check Pods Manifest.lock */ = {
			isa = PBXShellScriptBuildPhase;
			buildActionMask = 2147483647;
			files = (
			);
			inputFileListPaths = (
			);
			inputPaths = (
				"${PODS_PODFILE_DIR_PATH}/Podfile.lock",
				"${PODS_ROOT}/Manifest.lock",
			);
			name = "[CP] Check Pods Manifest.lock";
			outputFileListPaths = (
			);
			outputPaths = (
				"$(DERIVED_FILE_DIR)/Pods-IosFinalProject-checkManifestLockResult.txt",
			);
			runOnlyForDeploymentPostprocessing = 0;
			shellPath = /bin/sh;
			shellScript = "diff \"${PODS_PODFILE_DIR_PATH}/Podfile.lock\" \"${PODS_ROOT}/Manifest.lock\" > /dev/null\nif [ $? != 0 ] ; then\n    # print error to STDERR\n    echo \"error: The sandbox is not in sync with the Podfile.lock. Run 'pod install' or update your CocoaPods installation.\" >&2\n    exit 1\nfi\n# This output is used by Xcode 'outputs' to avoid re-running this script phase.\necho \"SUCCESS\" > \"${SCRIPT_OUTPUT_FILE_0}\"\n";
			showEnvVarsInLog = 0;
		};
		BE70F5FE225E3AC31F1B1977 /* [CP] Embed Pods Frameworks */ = {
			isa = PBXShellScriptBuildPhase;
			buildActionMask = 2147483647;
			files = (
			);
			inputFileListPaths = (
				"${PODS_ROOT}/Target Support Files/Pods-IosFinalProject/Pods-IosFinalProject-frameworks-${CONFIGURATION}-input-files.xcfilelist",
			);
			name = "[CP] Embed Pods Frameworks";
			outputFileListPaths = (
				"${PODS_ROOT}/Target Support Files/Pods-IosFinalProject/Pods-IosFinalProject-frameworks-${CONFIGURATION}-output-files.xcfilelist",
			);
			runOnlyForDeploymentPostprocessing = 0;
			shellPath = /bin/sh;
			shellScript = "\"${PODS_ROOT}/Target Support Files/Pods-IosFinalProject/Pods-IosFinalProject-frameworks.sh\"\n";
			showEnvVarsInLog = 0;
		};
/* End PBXShellScriptBuildPhase section */

/* Begin PBXSourcesBuildPhase section */
		7217FAA42A4C1FAF00A9DA85 /* Sources */ = {
			isa = PBXSourcesBuildPhase;
			buildActionMask = 2147483647;
			files = (
				7217FAC62A4C360900A9DA85 /* APIManeger.swift in Sources */,
				7217FB052A4EAAC300A9DA85 /* ChartsTableViewCell.swift in Sources */,
				7217FB162A513C5900A9DA85 /* AboutCharts.swift in Sources */,
				7217FB182A51543300A9DA85 /* USDToTWD.swift in Sources */,
				7217FAF72A4DC55A00A9DA85 /* ProductsModel.swift in Sources */,
				7217FB002A4E9E5000A9DA85 /* ProductDetailViewController.swift in Sources */,
				7217FB072A4EAAD800A9DA85 /* TradeTableViewCell.swift in Sources */,
				7217FAB62A4C1FAF00A9DA85 /* IosFinalProject.xcdatamodeld in Sources */,
				72E921B42A5429480049A08E /* AllDataAPI.swift in Sources */,
				7217FAB02A4C1FAF00A9DA85 /* ViewController.swift in Sources */,
				7217FAFA2A4DC55A00A9DA85 /* ProductCandles.swift in Sources */,
				7217FACE2A4C652000A9DA85 /* SecondTableViewCell.swift in Sources */,
				7217FACA2A4C64F500A9DA85 /* ImageTableViewCell.swift in Sources */,
				7217FB122A50315700A9DA85 /* OrderModel.swift in Sources */,
				7217FAF62A4DC55A00A9DA85 /* ProductStatsModel.swift in Sources */,
				7217FB1A2A5193C300A9DA85 /* FucnAdd.swift in Sources */,
				7217FB032A4EAAA500A9DA85 /* PriceTableViewCell.swift in Sources */,
				7217FAF92A4DC55A00A9DA85 /* ProfileModel.swift in Sources */,
				7217FB0C2A4EF91600A9DA85 /* Color.swift in Sources */,
				7217FAAC2A4C1FAF00A9DA85 /* AppDelegate.swift in Sources */,
				7217FAF82A4DC55A00A9DA85 /* AccountModel.swift in Sources */,
				72E921B22A52F4170049A08E /* CandlesModel.swift in Sources */,
				7217FB0E2A4F06AE00A9DA85 /* TradePageViewController.swift in Sources */,
				7217FAAE2A4C1FAF00A9DA85 /* SceneDelegate.swift in Sources */,
				7217FACC2A4C650800A9DA85 /* ThirdTableViewCell.swift in Sources */,
				7217FAEE2A4DC2F200A9DA85 /* CurrenciesModel.swift in Sources */,
				7217FB092A4ED00900A9DA85 /* LabelAndButtonTableViewCell.swift in Sources */,
				72E921B02A52C7640049A08E /* WebsocketService.swift in Sources */,
			);
			runOnlyForDeploymentPostprocessing = 0;
		};
/* End PBXSourcesBuildPhase section */

/* Begin PBXVariantGroup section */
		7217FAB12A4C1FAF00A9DA85 /* Main.storyboard */ = {
			isa = PBXVariantGroup;
			children = (
				7217FAB22A4C1FAF00A9DA85 /* Base */,
			);
			name = Main.storyboard;
			sourceTree = "<group>";
		};
		7217FAB92A4C1FB100A9DA85 /* LaunchScreen.storyboard */ = {
			isa = PBXVariantGroup;
			children = (
				7217FABA2A4C1FB100A9DA85 /* Base */,
			);
			name = LaunchScreen.storyboard;
			sourceTree = "<group>";
		};
/* End PBXVariantGroup section */

/* Begin XCBuildConfiguration section */
		7217FABD2A4C1FB100A9DA85 /* Debug */ = {
			isa = XCBuildConfiguration;
			buildSettings = {
				ALWAYS_SEARCH_USER_PATHS = NO;
				CLANG_ANALYZER_NONNULL = YES;
				CLANG_ANALYZER_NUMBER_OBJECT_CONVERSION = YES_AGGRESSIVE;
				CLANG_CXX_LANGUAGE_STANDARD = "gnu++20";
				CLANG_ENABLE_MODULES = YES;
				CLANG_ENABLE_OBJC_ARC = YES;
				CLANG_ENABLE_OBJC_WEAK = YES;
				CLANG_WARN_BLOCK_CAPTURE_AUTORELEASING = YES;
				CLANG_WARN_BOOL_CONVERSION = YES;
				CLANG_WARN_COMMA = YES;
				CLANG_WARN_CONSTANT_CONVERSION = YES;
				CLANG_WARN_DEPRECATED_OBJC_IMPLEMENTATIONS = YES;
				CLANG_WARN_DIRECT_OBJC_ISA_USAGE = YES_ERROR;
				CLANG_WARN_DOCUMENTATION_COMMENTS = YES;
				CLANG_WARN_EMPTY_BODY = YES;
				CLANG_WARN_ENUM_CONVERSION = YES;
				CLANG_WARN_INFINITE_RECURSION = YES;
				CLANG_WARN_INT_CONVERSION = YES;
				CLANG_WARN_NON_LITERAL_NULL_CONVERSION = YES;
				CLANG_WARN_OBJC_IMPLICIT_RETAIN_SELF = YES;
				CLANG_WARN_OBJC_LITERAL_CONVERSION = YES;
				CLANG_WARN_OBJC_ROOT_CLASS = YES_ERROR;
				CLANG_WARN_QUOTED_INCLUDE_IN_FRAMEWORK_HEADER = YES;
				CLANG_WARN_RANGE_LOOP_ANALYSIS = YES;
				CLANG_WARN_STRICT_PROTOTYPES = YES;
				CLANG_WARN_SUSPICIOUS_MOVE = YES;
				CLANG_WARN_UNGUARDED_AVAILABILITY = YES_AGGRESSIVE;
				CLANG_WARN_UNREACHABLE_CODE = YES;
				CLANG_WARN__DUPLICATE_METHOD_MATCH = YES;
				COPY_PHASE_STRIP = NO;
				DEBUG_INFORMATION_FORMAT = dwarf;
				ENABLE_STRICT_OBJC_MSGSEND = YES;
				ENABLE_TESTABILITY = YES;
				GCC_C_LANGUAGE_STANDARD = gnu11;
				GCC_DYNAMIC_NO_PIC = NO;
				GCC_NO_COMMON_BLOCKS = YES;
				GCC_OPTIMIZATION_LEVEL = 0;
				GCC_PREPROCESSOR_DEFINITIONS = (
					"DEBUG=1",
					"$(inherited)",
				);
				GCC_WARN_64_TO_32_BIT_CONVERSION = YES;
				GCC_WARN_ABOUT_RETURN_TYPE = YES_ERROR;
				GCC_WARN_UNDECLARED_SELECTOR = YES;
				GCC_WARN_UNINITIALIZED_AUTOS = YES_AGGRESSIVE;
				GCC_WARN_UNUSED_FUNCTION = YES;
				GCC_WARN_UNUSED_VARIABLE = YES;
				IPHONEOS_DEPLOYMENT_TARGET = 16.4;
				MTL_ENABLE_DEBUG_INFO = INCLUDE_SOURCE;
				MTL_FAST_MATH = YES;
				ONLY_ACTIVE_ARCH = YES;
				SDKROOT = iphoneos;
				SWIFT_ACTIVE_COMPILATION_CONDITIONS = DEBUG;
				SWIFT_OPTIMIZATION_LEVEL = "-Onone";
			};
			name = Debug;
		};
		7217FABE2A4C1FB100A9DA85 /* Release */ = {
			isa = XCBuildConfiguration;
			buildSettings = {
				ALWAYS_SEARCH_USER_PATHS = NO;
				CLANG_ANALYZER_NONNULL = YES;
				CLANG_ANALYZER_NUMBER_OBJECT_CONVERSION = YES_AGGRESSIVE;
				CLANG_CXX_LANGUAGE_STANDARD = "gnu++20";
				CLANG_ENABLE_MODULES = YES;
				CLANG_ENABLE_OBJC_ARC = YES;
				CLANG_ENABLE_OBJC_WEAK = YES;
				CLANG_WARN_BLOCK_CAPTURE_AUTORELEASING = YES;
				CLANG_WARN_BOOL_CONVERSION = YES;
				CLANG_WARN_COMMA = YES;
				CLANG_WARN_CONSTANT_CONVERSION = YES;
				CLANG_WARN_DEPRECATED_OBJC_IMPLEMENTATIONS = YES;
				CLANG_WARN_DIRECT_OBJC_ISA_USAGE = YES_ERROR;
				CLANG_WARN_DOCUMENTATION_COMMENTS = YES;
				CLANG_WARN_EMPTY_BODY = YES;
				CLANG_WARN_ENUM_CONVERSION = YES;
				CLANG_WARN_INFINITE_RECURSION = YES;
				CLANG_WARN_INT_CONVERSION = YES;
				CLANG_WARN_NON_LITERAL_NULL_CONVERSION = YES;
				CLANG_WARN_OBJC_IMPLICIT_RETAIN_SELF = YES;
				CLANG_WARN_OBJC_LITERAL_CONVERSION = YES;
				CLANG_WARN_OBJC_ROOT_CLASS = YES_ERROR;
				CLANG_WARN_QUOTED_INCLUDE_IN_FRAMEWORK_HEADER = YES;
				CLANG_WARN_RANGE_LOOP_ANALYSIS = YES;
				CLANG_WARN_STRICT_PROTOTYPES = YES;
				CLANG_WARN_SUSPICIOUS_MOVE = YES;
				CLANG_WARN_UNGUARDED_AVAILABILITY = YES_AGGRESSIVE;
				CLANG_WARN_UNREACHABLE_CODE = YES;
				CLANG_WARN__DUPLICATE_METHOD_MATCH = YES;
				COPY_PHASE_STRIP = NO;
				DEBUG_INFORMATION_FORMAT = "dwarf-with-dsym";
				ENABLE_NS_ASSERTIONS = NO;
				ENABLE_STRICT_OBJC_MSGSEND = YES;
				GCC_C_LANGUAGE_STANDARD = gnu11;
				GCC_NO_COMMON_BLOCKS = YES;
				GCC_WARN_64_TO_32_BIT_CONVERSION = YES;
				GCC_WARN_ABOUT_RETURN_TYPE = YES_ERROR;
				GCC_WARN_UNDECLARED_SELECTOR = YES;
				GCC_WARN_UNINITIALIZED_AUTOS = YES_AGGRESSIVE;
				GCC_WARN_UNUSED_FUNCTION = YES;
				GCC_WARN_UNUSED_VARIABLE = YES;
				IPHONEOS_DEPLOYMENT_TARGET = 16.4;
				MTL_ENABLE_DEBUG_INFO = NO;
				MTL_FAST_MATH = YES;
				SDKROOT = iphoneos;
				SWIFT_COMPILATION_MODE = wholemodule;
				SWIFT_OPTIMIZATION_LEVEL = "-O";
				VALIDATE_PRODUCT = YES;
			};
			name = Release;
		};
		7217FAC02A4C1FB100A9DA85 /* Debug */ = {
			isa = XCBuildConfiguration;
			baseConfigurationReference = C882CD4986214B00E46E86F2 /* Pods-IosFinalProject.debug.xcconfig */;
			buildSettings = {
				ASSETCATALOG_COMPILER_APPICON_NAME = AppIcon;
				ASSETCATALOG_COMPILER_GLOBAL_ACCENT_COLOR_NAME = AccentColor;
				CODE_SIGN_STYLE = Automatic;
				CURRENT_PROJECT_VERSION = 1;
				DEVELOPMENT_TEAM = 79H8GXVP49;
				GENERATE_INFOPLIST_FILE = YES;
				INFOPLIST_FILE = IosFinalProject/Info.plist;
				INFOPLIST_KEY_UIApplicationSupportsIndirectInputEvents = YES;
				INFOPLIST_KEY_UILaunchStoryboardName = LaunchScreen;
				INFOPLIST_KEY_UIMainStoryboardFile = Main;
				INFOPLIST_KEY_UISupportedInterfaceOrientations_iPad = "UIInterfaceOrientationPortrait UIInterfaceOrientationPortraitUpsideDown UIInterfaceOrientationLandscapeLeft UIInterfaceOrientationLandscapeRight";
				INFOPLIST_KEY_UISupportedInterfaceOrientations_iPhone = "UIInterfaceOrientationPortrait UIInterfaceOrientationLandscapeLeft UIInterfaceOrientationLandscapeRight";
				LD_RUNPATH_SEARCH_PATHS = (
					"$(inherited)",
					"@executable_path/Frameworks",
				);
				MARKETING_VERSION = 1.0;
				PRODUCT_BUNDLE_IDENTIFIER = dada.IosFinalProject;
				PRODUCT_NAME = "$(TARGET_NAME)";
				SWIFT_EMIT_LOC_STRINGS = YES;
				SWIFT_VERSION = 5.0;
				TARGETED_DEVICE_FAMILY = "1,2";
			};
			name = Debug;
		};
		7217FAC12A4C1FB100A9DA85 /* Release */ = {
			isa = XCBuildConfiguration;
			baseConfigurationReference = D825DEFFA12F28383E30E5D9 /* Pods-IosFinalProject.release.xcconfig */;
			buildSettings = {
				ASSETCATALOG_COMPILER_APPICON_NAME = AppIcon;
				ASSETCATALOG_COMPILER_GLOBAL_ACCENT_COLOR_NAME = AccentColor;
				CODE_SIGN_STYLE = Automatic;
				CURRENT_PROJECT_VERSION = 1;
				DEVELOPMENT_TEAM = 79H8GXVP49;
				GENERATE_INFOPLIST_FILE = YES;
				INFOPLIST_FILE = IosFinalProject/Info.plist;
				INFOPLIST_KEY_UIApplicationSupportsIndirectInputEvents = YES;
				INFOPLIST_KEY_UILaunchStoryboardName = LaunchScreen;
				INFOPLIST_KEY_UIMainStoryboardFile = Main;
				INFOPLIST_KEY_UISupportedInterfaceOrientations_iPad = "UIInterfaceOrientationPortrait UIInterfaceOrientationPortraitUpsideDown UIInterfaceOrientationLandscapeLeft UIInterfaceOrientationLandscapeRight";
				INFOPLIST_KEY_UISupportedInterfaceOrientations_iPhone = "UIInterfaceOrientationPortrait UIInterfaceOrientationLandscapeLeft UIInterfaceOrientationLandscapeRight";
				LD_RUNPATH_SEARCH_PATHS = (
					"$(inherited)",
					"@executable_path/Frameworks",
				);
				MARKETING_VERSION = 1.0;
				PRODUCT_BUNDLE_IDENTIFIER = dada.IosFinalProject;
				PRODUCT_NAME = "$(TARGET_NAME)";
				SWIFT_EMIT_LOC_STRINGS = YES;
				SWIFT_VERSION = 5.0;
				TARGETED_DEVICE_FAMILY = "1,2";
			};
			name = Release;
		};
/* End XCBuildConfiguration section */

/* Begin XCConfigurationList section */
		7217FAA32A4C1FAF00A9DA85 /* Build configuration list for PBXProject "IosFinalProject" */ = {
			isa = XCConfigurationList;
			buildConfigurations = (
				7217FABD2A4C1FB100A9DA85 /* Debug */,
				7217FABE2A4C1FB100A9DA85 /* Release */,
			);
			defaultConfigurationIsVisible = 0;
			defaultConfigurationName = Release;
		};
		7217FABF2A4C1FB100A9DA85 /* Build configuration list for PBXNativeTarget "IosFinalProject" */ = {
			isa = XCConfigurationList;
			buildConfigurations = (
				7217FAC02A4C1FB100A9DA85 /* Debug */,
				7217FAC12A4C1FB100A9DA85 /* Release */,
			);
			defaultConfigurationIsVisible = 0;
			defaultConfigurationName = Release;
		};
/* End XCConfigurationList section */

/* Begin XCVersionGroup section */
		7217FAB42A4C1FAF00A9DA85 /* IosFinalProject.xcdatamodeld */ = {
			isa = XCVersionGroup;
			children = (
				7217FAB52A4C1FAF00A9DA85 /* IosFinalProject.xcdatamodel */,
			);
			currentVersion = 7217FAB52A4C1FAF00A9DA85 /* IosFinalProject.xcdatamodel */;
			path = IosFinalProject.xcdatamodeld;
			sourceTree = "<group>";
			versionGroupType = wrapper.xcdatamodel;
		};
/* End XCVersionGroup section */
	};
	rootObject = 7217FAA02A4C1FAF00A9DA85 /* Project object */;
}
